PODS:
  - Flutter (1.0.0)
  - twitter_sign_in (5.7.1):
    - Flutter

DEPENDENCIES:
  - Flutter (from `Flutter`)
  - twitter_sign_in (from `.symlinks/plugins/twitter_sign_in/ios`)

EXTERNAL SOURCES:
  Flutter:
    :path: Flutter
  twitter_sign_in:
    :path: ".symlinks/plugins/twitter_sign_in/ios"

SPEC CHECKSUMS:
  Flutter: 71a624a5bc0c04062bf19101d501e466baf2fb47
  twitter_sign_in: 5500502bcd714c0530e8c9a07785ff726410467d

PODFILE CHECKSUM: 666192747c7dbaf036e8f6e4d402e816f115e2b8

COCOAPODS: 1.16.2
